
Microsoft Visual Studio Solution File, Format Version 12.00
# Visual Studio Version 16
VisualStudioVersion = 16.0.810.6
MinimumVisualStudioVersion = 10.0.40219.1
Project("{FAE04EC0-301F-11D3-BF4B-00C04F79EFBC}") = "CSharpFundamentals", "CSharpFundamentals\CSharpFundamentals.csproj", "{082B840D-025C-47AB-8444-C636EBEE3B93}"
EndProject
Project("{FAE04EC0-301F-11D3-BF4B-00C04F79EFBC}") = "Conditionals", "Conditionals\Conditionals.csproj", "{1A8E51C9-48EE-4AF6-8EE7-1CAD95348CBA}"
EndProject
Project("{FAE04EC0-301F-11D3-BF4B-00C04F79EFBC}") = "InterationStatements", "InterationStatements\InterationStatements.csproj", "{C66AD76F-FA4D-4FD5-9C5A-53D55A75CED2}"
EndProject
Global
	GlobalSection(SolutionConfigurationPlatforms) = preSolution
		Debug|Any CPU = Debug|Any CPU
		Release|Any CPU = Release|Any CPU
	EndGlobalSection
	GlobalSection(ProjectConfigurationPlatforms) = postSolution
		{082B840D-025C-47AB-8444-C636EBEE3B93}.Debug|Any CPU.ActiveCfg = Debug|Any CPU
		{082B840D-025C-47AB-8444-C636EBEE3B93}.Debug|Any CPU.Build.0 = Debug|Any CPU
		{082B840D-025C-47AB-8444-C636EBEE3B93}.Release|Any CPU.ActiveCfg = Release|Any CPU
		{082B840D-025C-47AB-8444-C636EBEE3B93}.Release|Any CPU.Build.0 = Release|Any CPU
		{1A8E51C9-48EE-4AF6-8EE7-1CAD95348CBA}.Debug|Any CPU.ActiveCfg = Debug|Any CPU
		{1A8E51C9-48EE-4AF6-8EE7-1CAD95348CBA}.Debug|Any CPU.Build.0 = Debug|Any CPU
		{1A8E51C9-48EE-4AF6-8EE7-1CAD95348CBA}.Release|Any CPU.ActiveCfg = Release|Any CPU
		{1A8E51C9-48EE-4AF6-8EE7-1CAD95348CBA}.Release|Any CPU.Build.0 = Release|Any CPU
		{C66AD76F-FA4D-4FD5-9C5A-53D55A75CED2}.Debug|Any CPU.ActiveCfg = Debug|Any CPU
		{C66AD76F-FA4D-4FD5-9C5A-53D55A75CED2}.Debug|Any CPU.Build.0 = Debug|Any CPU
		{C66AD76F-FA4D-4FD5-9C5A-53D55A75CED2}.Release|Any CPU.ActiveCfg = Release|Any CPU
		{C66AD76F-FA4D-4FD5-9C5A-53D55A75CED2}.Release|Any CPU.Build.0 = Release|Any CPU
	EndGlobalSection
	GlobalSection(SolutionProperties) = preSolution
		HideSolutionNode = FALSE
	EndGlobalSection
	GlobalSection(ExtensibilityGlobals) = postSolution
		SolutionGuid = {66A7F9C5-8713-445A-9E9F-F5504A904C45}
	EndGlobalSection
EndGlobal
